
Microsoft Visual Studio Solution File, Format Version 12.00
# Visual Studio Version 17
VisualStudioVersion = 17.6.33829.357
MinimumVisualStudioVersion = 10.0.40219.1
Project("{9A19103F-16F7-4668-BE54-9A1E7A4F7556}") = "01.Degiskenler", "01.Degisimler\01.Degiskenler.csproj", "{182247C3-3D72-4A9E-B5D9-5250FF048C14}"
EndProject
Project("{9A19103F-16F7-4668-BE54-9A1E7A4F7556}") = "03.Operatorler", "03.Operatorler\03.Operatorler.csproj", "{E2B57729-3F47-4EAD-A565-1E7F5EDA4BBE}"
EndProject
Project("{9A19103F-16F7-4668-BE54-9A1E7A4F7556}") = "02.DegerTiplerVeReferansTipler", "02.DegerTiplerVeReferansTipler\02.DegerTiplerVeReferansTipler.csproj", "{2490B920-5677-4AE2-81CE-D025C45C5EED}"
EndProject
Project("{9A19103F-16F7-4668-BE54-9A1E7A4F7556}") = "04.SartBloglari", "04.SartBloglari\04.SartBloglari.csproj", "{A39C4212-85B5-4978-B5BF-FA4EAA96AEA5}"
EndProject
Project("{9A19103F-16F7-4668-BE54-9A1E7A4F7556}") = "05.Listeler", "05.Listeler\05.Listeler.csproj", "{D315CA66-98B1-4D8B-B493-D326A7709F87}"
EndProject
Project("{9A19103F-16F7-4668-BE54-9A1E7A4F7556}") = "06.Donguler", "06.Donguler\06.Donguler.csproj", "{E268935D-AC5E-4ABE-B7D8-0D07FE87BBB2}"
EndProject
Project("{9A19103F-16F7-4668-BE54-9A1E7A4F7556}") = "07.NameGoster", "07.NameGoster\07.NameGoster.csproj", "{DFB4ECFE-D902-4F90-99BE-FF014DAC1CFC}"
EndProject
Project("{9A19103F-16F7-4668-BE54-9A1E7A4F7556}") = "08.Oyun_SayiTahminEt", "08.Oyun_SayiTahminEt\08.Oyun_SayiTahminEt.csproj", "{A732D309-2082-49CD-A24B-226D52CB5F01}"
EndProject
Project("{9A19103F-16F7-4668-BE54-9A1E7A4F7556}") = "09.HataYonetimi", "09.HataYonetimi\09.HataYonetimi.csproj", "{996E2E8A-B95E-4FBD-AFC8-5E794C2E5BD0}"
EndProject
Project("{9A19103F-16F7-4668-BE54-9A1E7A4F7556}") = "10.Metotlar", "10.Metotlar\10.Metotlar.csproj", "{06420931-284D-4921-8263-33284C61E01F}"
EndProject
Project("{9A19103F-16F7-4668-BE54-9A1E7A4F7556}") = "11.AracKiralamaConsoleApp", "11.AracKiralamaConsoleApp\11.AracKiralamaConsoleApp.csproj", "{A1553AA3-7B6A-4254-B468-18012BAEA834}"
EndProject
Project("{FAE04EC0-301F-11D3-BF4B-00C04F79EFBC}") = "13.OgrenciYoklamaProjesi", "13.OgrenciYoklamaProjesi\13.OgrenciYoklamaProjesi.csproj", "{9F554DA1-656E-4139-8F17-3F6EDD3D1A79}"
EndProject
Global
	GlobalSection(SolutionConfigurationPlatforms) = preSolution
		Debug|Any CPU = Debug|Any CPU
		Release|Any CPU = Release|Any CPU
	EndGlobalSection
	GlobalSection(ProjectConfigurationPlatforms) = postSolution
		{182247C3-3D72-4A9E-B5D9-5250FF048C14}.Debug|Any CPU.ActiveCfg = Debug|Any CPU
		{182247C3-3D72-4A9E-B5D9-5250FF048C14}.Debug|Any CPU.Build.0 = Debug|Any CPU
		{182247C3-3D72-4A9E-B5D9-5250FF048C14}.Release|Any CPU.ActiveCfg = Release|Any CPU
		{182247C3-3D72-4A9E-B5D9-5250FF048C14}.Release|Any CPU.Build.0 = Release|Any CPU
		{E2B57729-3F47-4EAD-A565-1E7F5EDA4BBE}.Debug|Any CPU.ActiveCfg = Debug|Any CPU
		{E2B57729-3F47-4EAD-A565-1E7F5EDA4BBE}.Debug|Any CPU.Build.0 = Debug|Any CPU
		{E2B57729-3F47-4EAD-A565-1E7F5EDA4BBE}.Release|Any CPU.ActiveCfg = Release|Any CPU
		{E2B57729-3F47-4EAD-A565-1E7F5EDA4BBE}.Release|Any CPU.Build.0 = Release|Any CPU
		{2490B920-5677-4AE2-81CE-D025C45C5EED}.Debug|Any CPU.ActiveCfg = Debug|Any CPU
		{2490B920-5677-4AE2-81CE-D025C45C5EED}.Debug|Any CPU.Build.0 = Debug|Any CPU
		{2490B920-5677-4AE2-81CE-D025C45C5EED}.Release|Any CPU.ActiveCfg = Release|Any CPU
		{2490B920-5677-4AE2-81CE-D025C45C5EED}.Release|Any CPU.Build.0 = Release|Any CPU
		{A39C4212-85B5-4978-B5BF-FA4EAA96AEA5}.Debug|Any CPU.ActiveCfg = Debug|Any CPU
		{A39C4212-85B5-4978-B5BF-FA4EAA96AEA5}.Debug|Any CPU.Build.0 = Debug|Any CPU
		{A39C4212-85B5-4978-B5BF-FA4EAA96AEA5}.Release|Any CPU.ActiveCfg = Release|Any CPU
		{A39C4212-85B5-4978-B5BF-FA4EAA96AEA5}.Release|Any CPU.Build.0 = Release|Any CPU
		{D315CA66-98B1-4D8B-B493-D326A7709F87}.Debug|Any CPU.ActiveCfg = Debug|Any CPU
		{D315CA66-98B1-4D8B-B493-D326A7709F87}.Debug|Any CPU.Build.0 = Debug|Any CPU
		{D315CA66-98B1-4D8B-B493-D326A7709F87}.Release|Any CPU.ActiveCfg = Release|Any CPU
		{D315CA66-98B1-4D8B-B493-D326A7709F87}.Release|Any CPU.Build.0 = Release|Any CPU
		{E268935D-AC5E-4ABE-B7D8-0D07FE87BBB2}.Debug|Any CPU.ActiveCfg = Debug|Any CPU
		{E268935D-AC5E-4ABE-B7D8-0D07FE87BBB2}.Debug|Any CPU.Build.0 = Debug|Any CPU
		{E268935D-AC5E-4ABE-B7D8-0D07FE87BBB2}.Release|Any CPU.ActiveCfg = Release|Any CPU
		{E268935D-AC5E-4ABE-B7D8-0D07FE87BBB2}.Release|Any CPU.Build.0 = Release|Any CPU
		{DFB4ECFE-D902-4F90-99BE-FF014DAC1CFC}.Debug|Any CPU.ActiveCfg = Debug|Any CPU
		{DFB4ECFE-D902-4F90-99BE-FF014DAC1CFC}.Debug|Any CPU.Build.0 = Debug|Any CPU
		{DFB4ECFE-D902-4F90-99BE-FF014DAC1CFC}.Release|Any CPU.ActiveCfg = Release|Any CPU
		{DFB4ECFE-D902-4F90-99BE-FF014DAC1CFC}.Release|Any CPU.Build.0 = Release|Any CPU
		{A732D309-2082-49CD-A24B-226D52CB5F01}.Debug|Any CPU.ActiveCfg = Debug|Any CPU
		{A732D309-2082-49CD-A24B-226D52CB5F01}.Debug|Any CPU.Build.0 = Debug|Any CPU
		{A732D309-2082-49CD-A24B-226D52CB5F01}.Release|Any CPU.ActiveCfg = Release|Any CPU
		{A732D309-2082-49CD-A24B-226D52CB5F01}.Release|Any CPU.Build.0 = Release|Any CPU
		{996E2E8A-B95E-4FBD-AFC8-5E794C2E5BD0}.Debug|Any CPU.ActiveCfg = Debug|Any CPU
		{996E2E8A-B95E-4FBD-AFC8-5E794C2E5BD0}.Debug|Any CPU.Build.0 = Debug|Any CPU
		{996E2E8A-B95E-4FBD-AFC8-5E794C2E5BD0}.Release|Any CPU.ActiveCfg = Release|Any CPU
		{996E2E8A-B95E-4FBD-AFC8-5E794C2E5BD0}.Release|Any CPU.Build.0 = Release|Any CPU
		{06420931-284D-4921-8263-33284C61E01F}.Debug|Any CPU.ActiveCfg = Debug|Any CPU
		{06420931-284D-4921-8263-33284C61E01F}.Debug|Any CPU.Build.0 = Debug|Any CPU
		{06420931-284D-4921-8263-33284C61E01F}.Release|Any CPU.ActiveCfg = Release|Any CPU
		{06420931-284D-4921-8263-33284C61E01F}.Release|Any CPU.Build.0 = Release|Any CPU
		{A1553AA3-7B6A-4254-B468-18012BAEA834}.Debug|Any CPU.ActiveCfg = Debug|Any CPU
		{A1553AA3-7B6A-4254-B468-18012BAEA834}.Debug|Any CPU.Build.0 = Debug|Any CPU
		{A1553AA3-7B6A-4254-B468-18012BAEA834}.Release|Any CPU.ActiveCfg = Release|Any CPU
		{A1553AA3-7B6A-4254-B468-18012BAEA834}.Release|Any CPU.Build.0 = Release|Any CPU
		{9F554DA1-656E-4139-8F17-3F6EDD3D1A79}.Debug|Any CPU.ActiveCfg = Debug|Any CPU
		{9F554DA1-656E-4139-8F17-3F6EDD3D1A79}.Debug|Any CPU.Build.0 = Debug|Any CPU
		{9F554DA1-656E-4139-8F17-3F6EDD3D1A79}.Release|Any CPU.ActiveCfg = Release|Any CPU
		{9F554DA1-656E-4139-8F17-3F6EDD3D1A79}.Release|Any CPU.Build.0 = Release|Any CPU
	EndGlobalSection
	GlobalSection(SolutionProperties) = preSolution
		HideSolutionNode = FALSE
	EndGlobalSection
	GlobalSection(ExtensibilityGlobals) = postSolution
		SolutionGuid = {26755360-7954-49C7-9020-ED2569D6618D}
	EndGlobalSection
EndGlobal
