
Microsoft Visual Studio Solution File, Format Version 12.00
# Visual Studio Version 17
VisualStudioVersion = 17.6.33829.357
MinimumVisualStudioVersion = 10.0.40219.1
Project("{FAE04EC0-301F-11D3-BF4B-00C04F79EFBC}") = "01.Degisimler", "01.Degisimler\01.Degisimler.csproj", "{182247C3-3D72-4A9E-B5D9-5250FF048C14}"
EndProject
Global
	GlobalSection(SolutionConfigurationPlatforms) = preSolution
		Debug|Any CPU = Debug|Any CPU
		Release|Any CPU = Release|Any CPU
	EndGlobalSection
	GlobalSection(ProjectConfigurationPlatforms) = postSolution
		{182247C3-3D72-4A9E-B5D9-5250FF048C14}.Debug|Any CPU.ActiveCfg = Debug|Any CPU
		{182247C3-3D72-4A9E-B5D9-5250FF048C14}.Debug|Any CPU.Build.0 = Debug|Any CPU
		{182247C3-3D72-4A9E-B5D9-5250FF048C14}.Release|Any CPU.ActiveCfg = Release|Any CPU
		{182247C3-3D72-4A9E-B5D9-5250FF048C14}.Release|Any CPU.Build.0 = Release|Any CPU
	EndGlobalSection
	GlobalSection(SolutionProperties) = preSolution
		HideSolutionNode = FALSE
	EndGlobalSection
	GlobalSection(ExtensibilityGlobals) = postSolution
		SolutionGuid = {26755360-7954-49C7-9020-ED2569D6618D}
	EndGlobalSection
EndGlobal
